
Microsoft Visual Studio Solution File, Format Version 12.00
# Visual Studio Version 17
VisualStudioVersion = 17.8.34004.107
MinimumVisualStudioVersion = 10.0.40219.1
Project("{FAE04EC0-301F-11D3-BF4B-00C04F79EFBC}") = "KmamkApp1", "KmamkApp1\KmamkApp1.csproj", "{3CD934BA-2FA2-4F67-8439-EC2D413CEF55}"
EndProject
Global
	GlobalSection(SolutionConfigurationPlatforms) = preSolution
		Debug|Any CPU = Debug|Any CPU
		Release|Any CPU = Release|Any CPU
	EndGlobalSection
	GlobalSection(ProjectConfigurationPlatforms) = postSolution
		{3CD934BA-2FA2-4F67-8439-EC2D413CEF55}.Debug|Any CPU.ActiveCfg = Debug|Any CPU
		{3CD934BA-2FA2-4F67-8439-EC2D413CEF55}.Debug|Any CPU.Build.0 = Debug|Any CPU
		{3CD934BA-2FA2-4F67-8439-EC2D413CEF55}.Release|Any CPU.ActiveCfg = Release|Any CPU
		{3CD934BA-2FA2-4F67-8439-EC2D413CEF55}.Release|Any CPU.Build.0 = Release|Any CPU
	EndGlobalSection
	GlobalSection(SolutionProperties) = preSolution
		HideSolutionNode = FALSE
	EndGlobalSection
	GlobalSection(ExtensibilityGlobals) = postSolution
		SolutionGuid = {33A4A99C-68DF-4ADE-B242-D1569032A9D5}
	EndGlobalSection
EndGlobal
